
Microsoft Visual Studio Solution File, Format Version 12.00
# Visual Studio Version 17
VisualStudioVersion = 17.5.002.0
MinimumVisualStudioVersion = 10.0.40219.1
Project("{9A19103F-16F7-4668-BE54-9A1E7A4F7556}") = "questao5resposta", "questao5resposta.csproj", "{300298F1-4111-46D9-A0D1-3E849D88566E}"
EndProject
Global
	GlobalSection(SolutionConfigurationPlatforms) = preSolution
		Debug|Any CPU = Debug|Any CPU
		Release|Any CPU = Release|Any CPU
	EndGlobalSection
	GlobalSection(ProjectConfigurationPlatforms) = postSolution
		{300298F1-4111-46D9-A0D1-3E849D88566E}.Debug|Any CPU.ActiveCfg = Debug|Any CPU
		{300298F1-4111-46D9-A0D1-3E849D88566E}.Debug|Any CPU.Build.0 = Debug|Any CPU
		{300298F1-4111-46D9-A0D1-3E849D88566E}.Release|Any CPU.ActiveCfg = Release|Any CPU
		{300298F1-4111-46D9-A0D1-3E849D88566E}.Release|Any CPU.Build.0 = Release|Any CPU
	EndGlobalSection
	GlobalSection(SolutionProperties) = preSolution
		HideSolutionNode = FALSE
	EndGlobalSection
	GlobalSection(ExtensibilityGlobals) = postSolution
		SolutionGuid = {0D93BA34-BAE0-435C-B939-E859C867DD53}
	EndGlobalSection
EndGlobal
